<?xml version="1.0" encoding="utf-8"?>
<Project ToolsVersion="4.0" xmlns="http://schemas.microsoft.com/developer/msbuild/2003">
  <ItemGroup>
    <Filter Include="Source Files">
      <UniqueIdentifier>{4FC737F1-C7A5-4376-A066-2A32D752A2FF}</UniqueIdentifier>
      <Extensions>cpp;c;cc;cxx;c++;cppm;ixx;def;odl;idl;hpj;bat;asm;asmx</Extensions>
    </Filter>
    <Filter Include="Header Files">
      <UniqueIdentifier>{93995380-89BD-4b04-88EB-625FBE52EBFB}</UniqueIdentifier>
      <Extensions>h;hh;hpp;hxx;h++;hm;inl;inc;ipp;xsd</Extensions>
    </Filter>
    <Filter Include="Resource Files">
      <UniqueIdentifier>{67DA6AB6-F800-4c08-8B7A-83BB121AAD01}</UniqueIdentifier>
      <Extensions>rc;ico;cur;bmp;dlg;rc2;rct;bin;rgs;gif;jpg;jpeg;jpe;resx;tiff;tif;png;wav;mfcribbon-ms</Extensions>
    </Filter>
    <Filter Include="Source Files\MessageEvents">
      <UniqueIdentifier>{b7171c82-d4e7-455c-ae60-7418d6e6b495}</UniqueIdentifier>
    </Filter>
    <Filter Include="Header Files\MessageEvents">
      <UniqueIdentifier>{1b69eaa4-e4ce-4841-8f15-63de3406b5e5}</UniqueIdentifier>
    </Filter>
  </ItemGroup>
  <ItemGroup>
    <ClCompile Include="ARMDText.c">
      <Filter>Source Files</Filter>
    </ClCompile>
    <ClCompile Include="ARMDDisplay.c">
      <Filter>Source Files</Filter>
    </ClCompile>
    <ClCompile Include="ARMDDisplyStrings.c">
      <Filter>Source Files</Filter>
    </ClCompile>
    <ClCompile Include="ARMDFileReader.c">
      <Filter>Source Files</Filter>
    </ClCompile>
    <ClCompile Include="ARMDHeaderDisplay.c">
      <Filter>Source Files</Filter>
    </ClCompile>
    <ClCompile Include="ARMDHeaderParser.c">
      <Filter>Source Files</Filter>
    </ClCompile>
    <ClCompile Include="ARMDInfReader.c">
      <Filter>Source Files</Filter>
    </ClCompile>
    <ClCompile Include="ARMDMessageParser.c">
      <Filter>Source Files</Filter>
    </ClCompile>
    <ClCompile Include="ARMDParser.c">
      <Filter>Source Files</Filter>
    </ClCompile>
    <ClCompile Include="ARMDParserData.c">
      <Filter>Source Files</Filter>
    </ClCompile>
    <ClCompile Include="ARMDProcessedData.c">
      <Filter>Source Files</Filter>
    </ClCompile>
    <ClCompile Include="Keyboard.c">
      <Filter>Source Files</Filter>
    </ClCompile>
    <ClCompile Include="StringsEn.c">
      <Filter>Source Files</Filter>
    </ClCompile>
    <ClCompile Include="StringsRu.c">
      <Filter>Source Files</Filter>
    </ClCompile>
    <ClCompile Include="Misc.c">
      <Filter>Source Files</Filter>
    </ClCompile>
    <ClCompile Include="ARMDEventParser.c">
      <Filter>Source Files</Filter>
    </ClCompile>
    <ClCompile Include="ProgramParameters.c">
      <Filter>Source Files</Filter>
    </ClCompile>
    <ClCompile Include="EventProgramName.c">
      <Filter>Source Files\MessageEvents</Filter>
    </ClCompile>
    <ClCompile Include="EventSystemStart.c">
      <Filter>Source Files\MessageEvents</Filter>
    </ClCompile>
    <ClCompile Include="EventDate.c">
      <Filter>Source Files\MessageEvents</Filter>
    </ClCompile>
    <ClCompile Include="EventEmergencyErrorMessage.c">
      <Filter>Source Files\MessageEvents</Filter>
    </ClCompile>
  </ItemGroup>
  <ItemGroup>
    <ClInclude Include="ARMDText.h">
      <Filter>Header Files</Filter>
    </ClInclude>
    <ClInclude Include="ARMD.h">
      <Filter>Header Files</Filter>
    </ClInclude>
    <ClInclude Include="ARMDDisplay.h">
      <Filter>Header Files</Filter>
    </ClInclude>
    <ClInclude Include="ARMDDisplayStrings.h">
      <Filter>Header Files</Filter>
    </ClInclude>
    <ClInclude Include="ARMDError.h">
      <Filter>Header Files</Filter>
    </ClInclude>
    <ClInclude Include="ARMDFileReader.h">
      <Filter>Header Files</Filter>
    </ClInclude>
    <ClInclude Include="ARMDHeaderDisplay.h">
      <Filter>Header Files</Filter>
    </ClInclude>
    <ClInclude Include="ARMDHeaderParser.h">
      <Filter>Header Files</Filter>
    </ClInclude>
    <ClInclude Include="ARMDInfReader.h">
      <Filter>Header Files</Filter>
    </ClInclude>
    <ClInclude Include="ARMDMessage.h">
      <Filter>Header Files</Filter>
    </ClInclude>
    <ClInclude Include="ARMDMessageParser.h">
      <Filter>Header Files</Filter>
    </ClInclude>
    <ClInclude Include="ARMDParser.h">
      <Filter>Header Files</Filter>
    </ClInclude>
    <ClInclude Include="ARMDParserData.h">
      <Filter>Header Files</Filter>
    </ClInclude>
    <ClInclude Include="ARMDProcessData.h">
      <Filter>Header Files</Filter>
    </ClInclude>
    <ClInclude Include="Keyboard.h">
      <Filter>Header Files</Filter>
    </ClInclude>
    <ClInclude Include="StringsEn.h">
      <Filter>Header Files</Filter>
    </ClInclude>
    <ClInclude Include="StringsRu.h">
      <Filter>Header Files</Filter>
    </ClInclude>
    <ClInclude Include="Misc.h">
      <Filter>Header Files</Filter>
    </ClInclude>
    <ClInclude Include="ARMDEventParser.h">
      <Filter>Header Files</Filter>
    </ClInclude>
    <ClInclude Include="ProgramParameters.h">
      <Filter>Header Files</Filter>
    </ClInclude>
    <ClInclude Include="EventProgramName.h">
      <Filter>Header Files\MessageEvents</Filter>
    </ClInclude>
    <ClInclude Include="EventSystemStart.h">
      <Filter>Header Files\MessageEvents</Filter>
    </ClInclude>
    <ClInclude Include="EventDate.h">
      <Filter>Header Files\MessageEvents</Filter>
    </ClInclude>
    <ClInclude Include="EventEmergencyErrorMessage.h">
      <Filter>Header Files\MessageEvents</Filter>
    </ClInclude>
  </ItemGroup>
</Project>